
Microsoft Visual Studio Solution File, Format Version 12.00
# Visual Studio Version 17
VisualStudioVersion = 17.5.33530.505
MinimumVisualStudioVersion = 10.0.40219.1
Project("{FAE04EC0-301F-11D3-BF4B-00C04F79EFBC}") = "MyMath", "MyMath\MyMath.csproj", "{218F5902-43F3-4386-9CE0-9CC79B8F0EF6}"
EndProject
Project("{FAE04EC0-301F-11D3-BF4B-00C04F79EFBC}") = "MathLibrary", "MathLibrary\MathLibrary.csproj", "{1EEBE38E-738A-4565-9377-BA13F873DB51}"
EndProject
Project("{FAE04EC0-301F-11D3-BF4B-00C04F79EFBC}") = "UnitTestProject", "UnitTestProject\UnitTestProject.csproj", "{A23E4483-E727-4247-86D9-16A3D473E9F6}"
EndProject
Global
	GlobalSection(SolutionConfigurationPlatforms) = preSolution
		Debug|Any CPU = Debug|Any CPU
		Release|Any CPU = Release|Any CPU
	EndGlobalSection
	GlobalSection(ProjectConfigurationPlatforms) = postSolution
		{218F5902-43F3-4386-9CE0-9CC79B8F0EF6}.Debug|Any CPU.ActiveCfg = Debug|Any CPU
		{218F5902-43F3-4386-9CE0-9CC79B8F0EF6}.Debug|Any CPU.Build.0 = Debug|Any CPU
		{218F5902-43F3-4386-9CE0-9CC79B8F0EF6}.Release|Any CPU.ActiveCfg = Release|Any CPU
		{218F5902-43F3-4386-9CE0-9CC79B8F0EF6}.Release|Any CPU.Build.0 = Release|Any CPU
		{1EEBE38E-738A-4565-9377-BA13F873DB51}.Debug|Any CPU.ActiveCfg = Debug|Any CPU
		{1EEBE38E-738A-4565-9377-BA13F873DB51}.Debug|Any CPU.Build.0 = Debug|Any CPU
		{1EEBE38E-738A-4565-9377-BA13F873DB51}.Release|Any CPU.ActiveCfg = Release|Any CPU
		{1EEBE38E-738A-4565-9377-BA13F873DB51}.Release|Any CPU.Build.0 = Release|Any CPU
		{A23E4483-E727-4247-86D9-16A3D473E9F6}.Debug|Any CPU.ActiveCfg = Debug|Any CPU
		{A23E4483-E727-4247-86D9-16A3D473E9F6}.Debug|Any CPU.Build.0 = Debug|Any CPU
		{A23E4483-E727-4247-86D9-16A3D473E9F6}.Release|Any CPU.ActiveCfg = Release|Any CPU
		{A23E4483-E727-4247-86D9-16A3D473E9F6}.Release|Any CPU.Build.0 = Release|Any CPU
	EndGlobalSection
	GlobalSection(SolutionProperties) = preSolution
		HideSolutionNode = FALSE
	EndGlobalSection
	GlobalSection(ExtensibilityGlobals) = postSolution
		SolutionGuid = {ADAC7ECA-1487-40F9-A52A-55DBB8CDDDAE}
	EndGlobalSection
EndGlobal
